
Microsoft Visual Studio Solution File, Format Version 12.00
# Visual Studio 15
VisualStudioVersion = 15.0.26730.16
MinimumVisualStudioVersion = 10.0.40219.1
Project("{F184B08F-C81C-45F6-A57F-5ABD9991F28F}") = "DD_Test", "DD_Test\DD_Test.vbproj", "{B2A93C73-92AD-41B4-AEAB-B4635960C0E7}"
EndProject
Global
	GlobalSection(SolutionConfigurationPlatforms) = preSolution
		Debug|Any CPU = Debug|Any CPU
		Release|Any CPU = Release|Any CPU
	EndGlobalSection
	GlobalSection(ProjectConfigurationPlatforms) = postSolution
		{B2A93C73-92AD-41B4-AEAB-B4635960C0E7}.Debug|Any CPU.ActiveCfg = Debug|Any CPU
		{B2A93C73-92AD-41B4-AEAB-B4635960C0E7}.Debug|Any CPU.Build.0 = Debug|Any CPU
		{B2A93C73-92AD-41B4-AEAB-B4635960C0E7}.Release|Any CPU.ActiveCfg = Release|Any CPU
		{B2A93C73-92AD-41B4-AEAB-B4635960C0E7}.Release|Any CPU.Build.0 = Release|Any CPU
	EndGlobalSection
	GlobalSection(SolutionProperties) = preSolution
		HideSolutionNode = FALSE
	EndGlobalSection
	GlobalSection(ExtensibilityGlobals) = postSolution
		SolutionGuid = {A36F7068-7C57-40A8-BCF6-44E897FF1F11}
	EndGlobalSection
EndGlobal
